
Microsoft Visual Studio Solution File, Format Version 12.00
# Visual Studio Version 16
VisualStudioVersion = 16.0.31702.278
MinimumVisualStudioVersion = 10.0.40219.1
Project("{FAE04EC0-301F-11D3-BF4B-00C04F79EFBC}") = "Lab4", "Lab4\Lab4.csproj", "{7E4ED1F3-72F5-48F8-9BD8-3EC62839A501}"
EndProject
Global
	GlobalSection(SolutionConfigurationPlatforms) = preSolution
		Debug|Any CPU = Debug|Any CPU
		Release|Any CPU = Release|Any CPU
	EndGlobalSection
	GlobalSection(ProjectConfigurationPlatforms) = postSolution
		{7E4ED1F3-72F5-48F8-9BD8-3EC62839A501}.Debug|Any CPU.ActiveCfg = Debug|Any CPU
		{7E4ED1F3-72F5-48F8-9BD8-3EC62839A501}.Debug|Any CPU.Build.0 = Debug|Any CPU
		{7E4ED1F3-72F5-48F8-9BD8-3EC62839A501}.Release|Any CPU.ActiveCfg = Release|Any CPU
		{7E4ED1F3-72F5-48F8-9BD8-3EC62839A501}.Release|Any CPU.Build.0 = Release|Any CPU
	EndGlobalSection
	GlobalSection(SolutionProperties) = preSolution
		HideSolutionNode = FALSE
	EndGlobalSection
	GlobalSection(ExtensibilityGlobals) = postSolution
		SolutionGuid = {F96D69E1-E47D-4925-9EBD-351F3E7C9E6D}
	EndGlobalSection
EndGlobal
