
Microsoft Visual Studio Solution File, Format Version 12.00
# Visual Studio Version 16
VisualStudioVersion = 16.0.31702.278
MinimumVisualStudioVersion = 10.0.40219.1
Project("{FAE04EC0-301F-11D3-BF4B-00C04F79EFBC}") = "Lab3", "Lab3\Lab3.csproj", "{3C5734DA-9FBC-4A0F-8B96-108CADB10CF1}"
EndProject
Global
	GlobalSection(SolutionConfigurationPlatforms) = preSolution
		Debug|Any CPU = Debug|Any CPU
		Release|Any CPU = Release|Any CPU
	EndGlobalSection
	GlobalSection(ProjectConfigurationPlatforms) = postSolution
		{3C5734DA-9FBC-4A0F-8B96-108CADB10CF1}.Debug|Any CPU.ActiveCfg = Debug|Any CPU
		{3C5734DA-9FBC-4A0F-8B96-108CADB10CF1}.Debug|Any CPU.Build.0 = Debug|Any CPU
		{3C5734DA-9FBC-4A0F-8B96-108CADB10CF1}.Release|Any CPU.ActiveCfg = Release|Any CPU
		{3C5734DA-9FBC-4A0F-8B96-108CADB10CF1}.Release|Any CPU.Build.0 = Release|Any CPU
	EndGlobalSection
	GlobalSection(SolutionProperties) = preSolution
		HideSolutionNode = FALSE
	EndGlobalSection
	GlobalSection(ExtensibilityGlobals) = postSolution
		SolutionGuid = {F7B6C3EE-65B3-44A0-A842-59E3BC939BE3}
	EndGlobalSection
EndGlobal
